
Microsoft Visual Studio Solution File, Format Version 12.00
# Visual Studio Version 17
VisualStudioVersion = 17.6.33815.320
MinimumVisualStudioVersion = 10.0.40219.1
Project("{9A19103F-16F7-4668-BE54-9A1E7A4F7556}") = "Cs Basics", "Cs Basics\Cs Basics.csproj", "{6EC481DB-BBCC-4C2B-8B75-C8D316E66D5A}"
EndProject
Project("{9A19103F-16F7-4668-BE54-9A1E7A4F7556}") = "OOP", "OOP\OOP.csproj", "{FC9852AA-A137-4FEF-9911-C40CCAB58391}"
EndProject
Project("{FAE04EC0-301F-11D3-BF4B-00C04F79EFBC}") = "OOP 05", "OOP 05\OOP 05.csproj", "{D12E2988-36CD-4C0B-9419-FB35C4B52E43}"
EndProject
Project("{FAE04EC0-301F-11D3-BF4B-00C04F79EFBC}") = "OOP EXAM", "OOP EXAM\OOP EXAM.csproj", "{8FE54B4F-EC16-4009-83E3-9EA1F82CEE6A}"
EndProject
Project("{FAE04EC0-301F-11D3-BF4B-00C04F79EFBC}") = "AdvancedOOP01", "AdvancedOOP01\AdvancedOOP01.csproj", "{3B38311A-F1BA-43D2-8A71-290E3C3A8EB5}"
EndProject
Project("{FAE04EC0-301F-11D3-BF4B-00C04F79EFBC}") = "Adv002", "Adv002\Adv002.csproj", "{D1CD38F3-FA4A-4807-B165-C506D9AB1BB0}"
EndProject
Project("{FAE04EC0-301F-11D3-BF4B-00C04F79EFBC}") = "ADV 003", "ADV 003\ADV 003.csproj", "{16988E54-DFCD-465B-8794-64EDB95832C8}"
EndProject
Project("{FAE04EC0-301F-11D3-BF4B-00C04F79EFBC}") = "Adv 004", "Adv 004\Adv 004.csproj", "{32A1431B-0053-4F72-9A2B-FF7E4C3C334D}"
EndProject
Project("{FAE04EC0-301F-11D3-BF4B-00C04F79EFBC}") = "adv 005", "adv 005\adv 005.csproj", "{EE722382-33F3-407E-BB73-BF0F9FCDC458}"
EndProject
Project("{FAE04EC0-301F-11D3-BF4B-00C04F79EFBC}") = "Linq001", "Linq001\Linq001.csproj", "{C175DD58-89B0-4119-A5E1-AFA186707C53}"
EndProject
Global
	GlobalSection(SolutionConfigurationPlatforms) = preSolution
		Debug|Any CPU = Debug|Any CPU
		Release|Any CPU = Release|Any CPU
	EndGlobalSection
	GlobalSection(ProjectConfigurationPlatforms) = postSolution
		{6EC481DB-BBCC-4C2B-8B75-C8D316E66D5A}.Debug|Any CPU.ActiveCfg = Debug|Any CPU
		{6EC481DB-BBCC-4C2B-8B75-C8D316E66D5A}.Debug|Any CPU.Build.0 = Debug|Any CPU
		{6EC481DB-BBCC-4C2B-8B75-C8D316E66D5A}.Release|Any CPU.ActiveCfg = Release|Any CPU
		{6EC481DB-BBCC-4C2B-8B75-C8D316E66D5A}.Release|Any CPU.Build.0 = Release|Any CPU
		{FC9852AA-A137-4FEF-9911-C40CCAB58391}.Debug|Any CPU.ActiveCfg = Debug|Any CPU
		{FC9852AA-A137-4FEF-9911-C40CCAB58391}.Debug|Any CPU.Build.0 = Debug|Any CPU
		{FC9852AA-A137-4FEF-9911-C40CCAB58391}.Release|Any CPU.ActiveCfg = Release|Any CPU
		{FC9852AA-A137-4FEF-9911-C40CCAB58391}.Release|Any CPU.Build.0 = Release|Any CPU
		{D12E2988-36CD-4C0B-9419-FB35C4B52E43}.Debug|Any CPU.ActiveCfg = Debug|Any CPU
		{D12E2988-36CD-4C0B-9419-FB35C4B52E43}.Debug|Any CPU.Build.0 = Debug|Any CPU
		{D12E2988-36CD-4C0B-9419-FB35C4B52E43}.Release|Any CPU.ActiveCfg = Release|Any CPU
		{D12E2988-36CD-4C0B-9419-FB35C4B52E43}.Release|Any CPU.Build.0 = Release|Any CPU
		{8FE54B4F-EC16-4009-83E3-9EA1F82CEE6A}.Debug|Any CPU.ActiveCfg = Debug|Any CPU
		{8FE54B4F-EC16-4009-83E3-9EA1F82CEE6A}.Debug|Any CPU.Build.0 = Debug|Any CPU
		{8FE54B4F-EC16-4009-83E3-9EA1F82CEE6A}.Release|Any CPU.ActiveCfg = Release|Any CPU
		{8FE54B4F-EC16-4009-83E3-9EA1F82CEE6A}.Release|Any CPU.Build.0 = Release|Any CPU
		{3B38311A-F1BA-43D2-8A71-290E3C3A8EB5}.Debug|Any CPU.ActiveCfg = Debug|Any CPU
		{3B38311A-F1BA-43D2-8A71-290E3C3A8EB5}.Debug|Any CPU.Build.0 = Debug|Any CPU
		{3B38311A-F1BA-43D2-8A71-290E3C3A8EB5}.Release|Any CPU.ActiveCfg = Release|Any CPU
		{3B38311A-F1BA-43D2-8A71-290E3C3A8EB5}.Release|Any CPU.Build.0 = Release|Any CPU
		{D1CD38F3-FA4A-4807-B165-C506D9AB1BB0}.Debug|Any CPU.ActiveCfg = Debug|Any CPU
		{D1CD38F3-FA4A-4807-B165-C506D9AB1BB0}.Debug|Any CPU.Build.0 = Debug|Any CPU
		{D1CD38F3-FA4A-4807-B165-C506D9AB1BB0}.Release|Any CPU.ActiveCfg = Release|Any CPU
		{D1CD38F3-FA4A-4807-B165-C506D9AB1BB0}.Release|Any CPU.Build.0 = Release|Any CPU
		{16988E54-DFCD-465B-8794-64EDB95832C8}.Debug|Any CPU.ActiveCfg = Debug|Any CPU
		{16988E54-DFCD-465B-8794-64EDB95832C8}.Debug|Any CPU.Build.0 = Debug|Any CPU
		{16988E54-DFCD-465B-8794-64EDB95832C8}.Release|Any CPU.ActiveCfg = Release|Any CPU
		{16988E54-DFCD-465B-8794-64EDB95832C8}.Release|Any CPU.Build.0 = Release|Any CPU
		{32A1431B-0053-4F72-9A2B-FF7E4C3C334D}.Debug|Any CPU.ActiveCfg = Debug|Any CPU
		{32A1431B-0053-4F72-9A2B-FF7E4C3C334D}.Debug|Any CPU.Build.0 = Debug|Any CPU
		{32A1431B-0053-4F72-9A2B-FF7E4C3C334D}.Release|Any CPU.ActiveCfg = Release|Any CPU
		{32A1431B-0053-4F72-9A2B-FF7E4C3C334D}.Release|Any CPU.Build.0 = Release|Any CPU
		{EE722382-33F3-407E-BB73-BF0F9FCDC458}.Debug|Any CPU.ActiveCfg = Debug|Any CPU
		{EE722382-33F3-407E-BB73-BF0F9FCDC458}.Debug|Any CPU.Build.0 = Debug|Any CPU
		{EE722382-33F3-407E-BB73-BF0F9FCDC458}.Release|Any CPU.ActiveCfg = Release|Any CPU
		{EE722382-33F3-407E-BB73-BF0F9FCDC458}.Release|Any CPU.Build.0 = Release|Any CPU
		{C175DD58-89B0-4119-A5E1-AFA186707C53}.Debug|Any CPU.ActiveCfg = Debug|Any CPU
		{C175DD58-89B0-4119-A5E1-AFA186707C53}.Debug|Any CPU.Build.0 = Debug|Any CPU
		{C175DD58-89B0-4119-A5E1-AFA186707C53}.Release|Any CPU.ActiveCfg = Release|Any CPU
		{C175DD58-89B0-4119-A5E1-AFA186707C53}.Release|Any CPU.Build.0 = Release|Any CPU
	EndGlobalSection
	GlobalSection(SolutionProperties) = preSolution
		HideSolutionNode = FALSE
	EndGlobalSection
	GlobalSection(ExtensibilityGlobals) = postSolution
		SolutionGuid = {0AF3E26B-D130-45CC-9DF6-FCA84365FFAD}
	EndGlobalSection
EndGlobal
